
Microsoft Visual Studio Solution File, Format Version 12.00
# Visual Studio Version 17
VisualStudioVersion = 17.2.32630.192
MinimumVisualStudioVersion = 10.0.40219.1
Project("{FAE04EC0-301F-11D3-BF4B-00C04F79EFBC}") = "Задание 4.3", "Задание 4.3.csproj", "{EE9AD59B-ED46-43EF-8CA5-0F124774DE2A}"
EndProject
Global
	GlobalSection(SolutionConfigurationPlatforms) = preSolution
		Debug|Any CPU = Debug|Any CPU
		Release|Any CPU = Release|Any CPU
	EndGlobalSection
	GlobalSection(ProjectConfigurationPlatforms) = postSolution
		{EE9AD59B-ED46-43EF-8CA5-0F124774DE2A}.Debug|Any CPU.ActiveCfg = Debug|Any CPU
		{EE9AD59B-ED46-43EF-8CA5-0F124774DE2A}.Debug|Any CPU.Build.0 = Debug|Any CPU
		{EE9AD59B-ED46-43EF-8CA5-0F124774DE2A}.Release|Any CPU.ActiveCfg = Release|Any CPU
		{EE9AD59B-ED46-43EF-8CA5-0F124774DE2A}.Release|Any CPU.Build.0 = Release|Any CPU
	EndGlobalSection
	GlobalSection(SolutionProperties) = preSolution
		HideSolutionNode = FALSE
	EndGlobalSection
	GlobalSection(ExtensibilityGlobals) = postSolution
		SolutionGuid = {F8567F5B-4F59-4186-99C2-D98BB09396E5}
	EndGlobalSection
EndGlobal
